{
  "version": 4,
  "terraform_version": "1.10.5",
  "serial": 58,
  "lineage": "1a651623-16d0-3b85-0516-ea66db2f784f",
  "outputs": {
    "public_ip_address": {
      "value": "ubuntu-vm: 172.166.190.108",
      "type": "string"
    }
  },
  "resources": [
    {
      "mode": "data",
      "type": "azurerm_public_ip",
      "name": "ip-data",
      "provider": "provider[\"registry.terraform.io/hashicorp/azurerm\"]",
      "instances": [
        {
          "schema_version": 0,
          "attributes": {
            "allocation_method": "Dynamic",
            "domain_name_label": "",
            "fqdn": "",
            "id": "/subscriptions/62afd762-f265-4308-b366-ce0737299540/resourceGroups/rg_for_terraform/providers/Microsoft.Network/publicIPAddresses/public-ip-for-terraform",
            "idle_timeout_in_minutes": 4,
            "ip_address": "172.166.190.108",
            "ip_tags": {},
            "ip_version": "IPv4",
            "location": "uksouth",
            "name": "public-ip-for-terraform",
            "resource_group_name": "rg_for_terraform",
            "reverse_fqdn": "",
            "sku": "Basic",
            "tags": {
              "environment": "dev"
            },
            "timeouts": null,
            "zones": []
          },
          "sensitive_attributes": []
        }
      ]
    },
    {
      "mode": "managed",
      "type": "azurerm_linux_virtual_machine",
      "name": "vm",
      "provider": "provider[\"registry.terraform.io/hashicorp/azurerm\"]",
      "instances": [
        {
          "schema_version": 0,
          "attributes": {
            "additional_capabilities": [],
            "admin_password": null,
            "admin_ssh_key": [
              {
                "public_key": "ssh-rsa AAAAB3NzaC1yc2EAAAADAQABAAABgQDMX7+L/RAbTVKdSdZm0bgd3ip4UT+DLabs/sSODmnEZ/rPY5LExawh8hkjP18Qqo13EW4moqPu2VDiK5DVYcnXhAJLpADcw4RlSNhT2Xf3Se23ql+R4I4nBQVFayItY6n+1vK3enDCGllPzLslyYPKlRm2pNqmYGpoJY7HYVt9+Av/fghk+Bmkq65ZFe1KLaXb9Y7RG+nizEC5WB21JZhPCFDo2uJqtKmpqsniLUvqNUoLJTCZr5IZZEM1r3o6EkFmkAxls48+v666WkleZqo4rBXxNeXCQ3T+mhx7s4Lor3Q/sgmGtr9peE8FTZkIFHsN7jyRg+vl0XME47Ai2I054ujl6NakV43JoMaO0Zd8qOZ8oTTYoyQa0F75TA9xPEXwXmJ9dcgWbd8usee16bpUOAqrqiLvkSEzQuaVTwbZ46j0bOdcjPPIlaAjU6XKjjj7lSvrMrEqMn82pynvG/P1Dgd419UMWFF03ViJBXZUa2C6o6Ddu/qbM5BP0Y+OJDc= corp\\shboddup@LUK-5CG221BS8H\r\n",
                "username": "azureuser"
              }
            ],
            "admin_username": "azureuser",
            "allow_extension_operations": true,
            "availability_set_id": "",
            "boot_diagnostics": [],
            "computer_name": "ubuntu-vm",
            "custom_data": "IyEvYmluL2Jhc2gNCnN1ZG8gYXB0LWdldCB1cGRhdGUgLXkgJiYNCnN1ZG8gYXB0LWdldCBpbnN0YWxsIC15IFwNCmFwdC10cmFuc3BvcnQtaHR0cHMgXA0KY2EtY2VydGlmaWNhdGVzIFwNCmN1cmwgXA0KZ251cGctYWdlbnQgXA0Kc29mdHdhcmUtcHJvcGVydGllcy1jb21tb24NCmN1cmwgLWZzU0wgaHR0cHM6Ly9kb3dubG9hZC5kb2NrZXIuY29tL2xpbnV4L3VidW50dS9ncGcgfCBzdWRvIGFwdC1rZXkgYWRkIC0gJiYNCnN1ZG8gYWRkLWFwdC1yZXBvc2l0b3J5ICJkZWIgW2FyY2g9YW1kNjRdIGh0dHBzOi8vZG93bmxvYWQuZG9ja2VyLmNvbS9saW51eC91YnVudHUgJChsc2JfcmVsZWFzZSAtY3MpIHN0YWJsZSIgJiYNCnN1ZG8gYXB0LWdldCB1cGRhdGUgLXkgJiYgDQpzdWRvIHN1ZG8gYXB0LWdldCBpbnN0YWxsIGRvY2tlci1jZSBkb2NrZXItY2UtY2xpIGNvbnRhaW5lcmQuaW8gLXkgJiYNCnN1ZG8gdXNlcm1vZCAtYUcgZG9ja2VyIHVidW50dQ0K",
            "dedicated_host_group_id": "",
            "dedicated_host_id": "",
            "disable_password_authentication": true,
            "edge_zone": "",
            "encryption_at_host_enabled": false,
            "eviction_policy": "",
            "extensions_time_budget": "PT1H30M",
            "id": "/subscriptions/62afd762-f265-4308-b366-ce0737299540/resourceGroups/rg_for_terraform/providers/Microsoft.Compute/virtualMachines/ubuntu-vm",
            "identity": [],
            "license_type": "",
            "location": "uksouth",
            "max_bid_price": -1,
            "name": "ubuntu-vm",
            "network_interface_ids": [
              "/subscriptions/62afd762-f265-4308-b366-ce0737299540/resourceGroups/rg_for_terraform/providers/Microsoft.Network/networkInterfaces/nic-for-terraform"
            ],
            "os_disk": [
              {
                "caching": "ReadWrite",
                "diff_disk_settings": [],
                "disk_encryption_set_id": "",
                "disk_size_gb": 30,
                "name": "osdisk-ubuntu",
                "storage_account_type": "Standard_LRS",
                "write_accelerator_enabled": false
              }
            ],
            "patch_mode": "ImageDefault",
            "plan": [],
            "platform_fault_domain": -1,
            "priority": "Regular",
            "private_ip_address": "172.0.1.4",
            "private_ip_addresses": [
              "172.0.1.4"
            ],
            "provision_vm_agent": true,
            "proximity_placement_group_id": "",
            "public_ip_address": "172.166.190.108",
            "public_ip_addresses": [
              "172.166.190.108"
            ],
            "resource_group_name": "rg_for_terraform",
            "secret": [],
            "secure_boot_enabled": false,
            "size": "Standard_B1s",
            "source_image_id": "",
            "source_image_reference": [
              {
                "offer": "UbuntuServer",
                "publisher": "Canonical",
                "sku": "18.04-LTS",
                "version": "latest"
              }
            ],
            "tags": {
              "environment": "dev"
            },
            "termination_notification": [],
            "timeouts": null,
            "user_data": "",
            "virtual_machine_id": "6bb4c2bc-8360-48e8-a296-a4e8b52df2c4",
            "virtual_machine_scale_set_id": "",
            "vtpm_enabled": false,
            "zone": ""
          },
          "sensitive_attributes": [
            [
              {
                "type": "get_attr",
                "value": "admin_password"
              }
            ],
            [
              {
                "type": "get_attr",
                "value": "custom_data"
              }
            ]
          ],
          "private": "eyJlMmJmYjczMC1lY2FhLTExZTYtOGY4OC0zNDM2M2JjN2M0YzAiOnsiY3JlYXRlIjoyNzAwMDAwMDAwMDAwLCJkZWxldGUiOjI3MDAwMDAwMDAwMDAsInJlYWQiOjMwMDAwMDAwMDAwMCwidXBkYXRlIjoyNzAwMDAwMDAwMDAwfX0=",
          "dependencies": [
            "azurerm_network_interface.nic",
            "azurerm_public_ip.public_ip",
            "azurerm_resource_group.rg",
            "azurerm_subnet.subnet",
            "azurerm_virtual_network.vn"
          ]
        }
      ]
    },
    {
      "mode": "managed",
      "type": "azurerm_network_interface",
      "name": "nic",
      "provider": "provider[\"registry.terraform.io/hashicorp/azurerm\"]",
      "instances": [
        {
          "schema_version": 0,
          "attributes": {
            "applied_dns_servers": [],
            "dns_servers": [],
            "edge_zone": "",
            "enable_accelerated_networking": false,
            "enable_ip_forwarding": false,
            "id": "/subscriptions/62afd762-f265-4308-b366-ce0737299540/resourceGroups/rg_for_terraform/providers/Microsoft.Network/networkInterfaces/nic-for-terraform",
            "internal_dns_name_label": "",
            "internal_domain_name_suffix": "nfynbupxocoejnfg4bbwn3x14e.zx.internal.cloudapp.net",
            "ip_configuration": [
              {
                "gateway_load_balancer_frontend_ip_configuration_id": "",
                "name": "internal",
                "primary": true,
                "private_ip_address": "172.0.1.4",
                "private_ip_address_allocation": "Dynamic",
                "private_ip_address_version": "IPv4",
                "public_ip_address_id": "/subscriptions/62afd762-f265-4308-b366-ce0737299540/resourceGroups/rg_for_terraform/providers/Microsoft.Network/publicIPAddresses/public-ip-for-terraform",
                "subnet_id": "/subscriptions/62afd762-f265-4308-b366-ce0737299540/resourceGroups/rg_for_terraform/providers/Microsoft.Network/virtualNetworks/Virtualnetworkforterraform/subnets/subnet-for-terraform"
              }
            ],
            "location": "uksouth",
            "mac_address": "00-0D-3A-D5-DF-9B",
            "name": "nic-for-terraform",
            "private_ip_address": "172.0.1.4",
            "private_ip_addresses": [
              "172.0.1.4"
            ],
            "resource_group_name": "rg_for_terraform",
            "tags": {
              "environment": "dev"
            },
            "timeouts": null,
            "virtual_machine_id": "/subscriptions/62afd762-f265-4308-b366-ce0737299540/resourceGroups/rg_for_terraform/providers/Microsoft.Compute/virtualMachines/ubuntu-vm"
          },
          "sensitive_attributes": [],
          "private": "eyJlMmJmYjczMC1lY2FhLTExZTYtOGY4OC0zNDM2M2JjN2M0YzAiOnsiY3JlYXRlIjoxODAwMDAwMDAwMDAwLCJkZWxldGUiOjE4MDAwMDAwMDAwMDAsInJlYWQiOjMwMDAwMDAwMDAwMCwidXBkYXRlIjoxODAwMDAwMDAwMDAwfX0=",
          "dependencies": [
            "azurerm_public_ip.public_ip",
            "azurerm_resource_group.rg",
            "azurerm_subnet.subnet",
            "azurerm_virtual_network.vn"
          ]
        }
      ]
    },
    {
      "mode": "managed",
      "type": "azurerm_network_security_group",
      "name": "nsg",
      "provider": "provider[\"registry.terraform.io/hashicorp/azurerm\"]",
      "instances": [
        {
          "schema_version": 0,
          "attributes": {
            "id": "/subscriptions/62afd762-f265-4308-b366-ce0737299540/resourceGroups/rg_for_terraform/providers/Microsoft.Network/networkSecurityGroups/nsg-for-terraform",
            "location": "uksouth",
            "name": "nsg-for-terraform",
            "resource_group_name": "rg_for_terraform",
            "security_rule": [
              {
                "access": "Allow",
                "description": "",
                "destination_address_prefix": "*",
                "destination_address_prefixes": [],
                "destination_application_security_group_ids": [],
                "destination_port_range": "*",
                "destination_port_ranges": [],
                "direction": "Inbound",
                "name": "Allow-SSH-Inbound",
                "priority": 100,
                "protocol": "Tcp",
                "source_address_prefix": "*",
                "source_address_prefixes": [],
                "source_application_security_group_ids": [],
                "source_port_range": "*",
                "source_port_ranges": []
              },
              {
                "access": "Allow",
                "description": "",
                "destination_address_prefix": "*",
                "destination_address_prefixes": [],
                "destination_application_security_group_ids": [],
                "destination_port_range": "*",
                "destination_port_ranges": [],
                "direction": "Outbound",
                "name": "Allow-SSH",
                "priority": 100,
                "protocol": "Tcp",
                "source_address_prefix": "*",
                "source_address_prefixes": [],
                "source_application_security_group_ids": [],
                "source_port_range": "*",
                "source_port_ranges": []
              }
            ],
            "tags": {
              "environment": "dev"
            },
            "timeouts": null
          },
          "sensitive_attributes": [],
          "private": "eyJlMmJmYjczMC1lY2FhLTExZTYtOGY4OC0zNDM2M2JjN2M0YzAiOnsiY3JlYXRlIjoxODAwMDAwMDAwMDAwLCJkZWxldGUiOjE4MDAwMDAwMDAwMDAsInJlYWQiOjMwMDAwMDAwMDAwMCwidXBkYXRlIjoxODAwMDAwMDAwMDAwfX0=",
          "dependencies": [
            "azurerm_resource_group.rg"
          ]
        }
      ]
    },
    {
      "mode": "managed",
      "type": "azurerm_public_ip",
      "name": "public_ip",
      "provider": "provider[\"registry.terraform.io/hashicorp/azurerm\"]",
      "instances": [
        {
          "schema_version": 0,
          "attributes": {
            "allocation_method": "Dynamic",
            "domain_name_label": null,
            "edge_zone": "",
            "fqdn": null,
            "id": "/subscriptions/62afd762-f265-4308-b366-ce0737299540/resourceGroups/rg_for_terraform/providers/Microsoft.Network/publicIPAddresses/public-ip-for-terraform",
            "idle_timeout_in_minutes": 4,
            "ip_address": "172.166.190.108",
            "ip_tags": {},
            "ip_version": "IPv4",
            "location": "uksouth",
            "name": "public-ip-for-terraform",
            "public_ip_prefix_id": null,
            "resource_group_name": "rg_for_terraform",
            "reverse_fqdn": null,
            "sku": "Basic",
            "sku_tier": "Regional",
            "tags": {
              "environment": "dev"
            },
            "timeouts": null,
            "zones": []
          },
          "sensitive_attributes": [],
          "private": "eyJlMmJmYjczMC1lY2FhLTExZTYtOGY4OC0zNDM2M2JjN2M0YzAiOnsiY3JlYXRlIjoxODAwMDAwMDAwMDAwLCJkZWxldGUiOjE4MDAwMDAwMDAwMDAsInJlYWQiOjMwMDAwMDAwMDAwMCwidXBkYXRlIjoxODAwMDAwMDAwMDAwfX0=",
          "dependencies": [
            "azurerm_resource_group.rg"
          ]
        }
      ]
    },
    {
      "mode": "managed",
      "type": "azurerm_resource_group",
      "name": "rg",
      "provider": "provider[\"registry.terraform.io/hashicorp/azurerm\"]",
      "instances": [
        {
          "schema_version": 0,
          "attributes": {
            "id": "/subscriptions/62afd762-f265-4308-b366-ce0737299540/resourceGroups/rg_for_terraform",
            "location": "uksouth",
            "name": "rg_for_terraform",
            "tags": {
              "environment": "dev"
            },
            "timeouts": null
          },
          "sensitive_attributes": [],
          "private": "eyJlMmJmYjczMC1lY2FhLTExZTYtOGY4OC0zNDM2M2JjN2M0YzAiOnsiY3JlYXRlIjo1NDAwMDAwMDAwMDAwLCJkZWxldGUiOjU0MDAwMDAwMDAwMDAsInJlYWQiOjMwMDAwMDAwMDAwMCwidXBkYXRlIjo1NDAwMDAwMDAwMDAwfX0="
        }
      ]
    },
    {
      "mode": "managed",
      "type": "azurerm_subnet",
      "name": "subnet",
      "provider": "provider[\"registry.terraform.io/hashicorp/azurerm\"]",
      "instances": [
        {
          "schema_version": 0,
          "attributes": {
            "address_prefixes": [
              "172.0.1.0/24"
            ],
            "delegation": [],
            "enforce_private_link_endpoint_network_policies": false,
            "enforce_private_link_service_network_policies": false,
            "id": "/subscriptions/62afd762-f265-4308-b366-ce0737299540/resourceGroups/rg_for_terraform/providers/Microsoft.Network/virtualNetworks/Virtualnetworkforterraform/subnets/subnet-for-terraform",
            "name": "subnet-for-terraform",
            "resource_group_name": "rg_for_terraform",
            "service_endpoint_policy_ids": [],
            "service_endpoints": [],
            "timeouts": null,
            "virtual_network_name": "Virtualnetworkforterraform"
          },
          "sensitive_attributes": [],
          "private": "eyJlMmJmYjczMC1lY2FhLTExZTYtOGY4OC0zNDM2M2JjN2M0YzAiOnsiY3JlYXRlIjoxODAwMDAwMDAwMDAwLCJkZWxldGUiOjE4MDAwMDAwMDAwMDAsInJlYWQiOjMwMDAwMDAwMDAwMCwidXBkYXRlIjoxODAwMDAwMDAwMDAwfX0=",
          "dependencies": [
            "azurerm_resource_group.rg",
            "azurerm_virtual_network.vn"
          ]
        }
      ]
    },
    {
      "mode": "managed",
      "type": "azurerm_subnet_network_security_group_association",
      "name": "nsg_assoc",
      "provider": "provider[\"registry.terraform.io/hashicorp/azurerm\"]",
      "instances": [
        {
          "schema_version": 0,
          "attributes": {
            "id": "/subscriptions/62afd762-f265-4308-b366-ce0737299540/resourceGroups/rg_for_terraform/providers/Microsoft.Network/virtualNetworks/Virtualnetworkforterraform/subnets/subnet-for-terraform",
            "network_security_group_id": "/subscriptions/62afd762-f265-4308-b366-ce0737299540/resourceGroups/rg_for_terraform/providers/Microsoft.Network/networkSecurityGroups/nsg-for-terraform",
            "subnet_id": "/subscriptions/62afd762-f265-4308-b366-ce0737299540/resourceGroups/rg_for_terraform/providers/Microsoft.Network/virtualNetworks/Virtualnetworkforterraform/subnets/subnet-for-terraform",
            "timeouts": null
          },
          "sensitive_attributes": [],
          "private": "eyJlMmJmYjczMC1lY2FhLTExZTYtOGY4OC0zNDM2M2JjN2M0YzAiOnsiY3JlYXRlIjoxODAwMDAwMDAwMDAwLCJkZWxldGUiOjE4MDAwMDAwMDAwMDAsInJlYWQiOjMwMDAwMDAwMDAwMCwidXBkYXRlIjoxODAwMDAwMDAwMDAwfX0=",
          "dependencies": [
            "azurerm_network_security_group.nsg",
            "azurerm_resource_group.rg",
            "azurerm_subnet.subnet",
            "azurerm_virtual_network.vn"
          ]
        }
      ]
    },
    {
      "mode": "managed",
      "type": "azurerm_virtual_network",
      "name": "vn",
      "provider": "provider[\"registry.terraform.io/hashicorp/azurerm\"]",
      "instances": [
        {
          "schema_version": 0,
          "attributes": {
            "address_space": [
              "172.0.0.0/16"
            ],
            "bgp_community": "",
            "ddos_protection_plan": [],
            "dns_servers": [],
            "edge_zone": "",
            "flow_timeout_in_minutes": 0,
            "guid": "d1d07069-70f7-449c-b4a6-f04366f6fbf4",
            "id": "/subscriptions/62afd762-f265-4308-b366-ce0737299540/resourceGroups/rg_for_terraform/providers/Microsoft.Network/virtualNetworks/Virtualnetworkforterraform",
            "location": "uksouth",
            "name": "Virtualnetworkforterraform",
            "resource_group_name": "rg_for_terraform",
            "subnet": [
              {
                "address_prefix": "172.0.1.0/24",
                "id": "/subscriptions/62afd762-f265-4308-b366-ce0737299540/resourceGroups/rg_for_terraform/providers/Microsoft.Network/virtualNetworks/Virtualnetworkforterraform/subnets/subnet-for-terraform",
                "name": "subnet-for-terraform",
                "security_group": "/subscriptions/62afd762-f265-4308-b366-ce0737299540/resourceGroups/rg_for_terraform/providers/Microsoft.Network/networkSecurityGroups/nsg-for-terraform"
              }
            ],
            "tags": {
              "environment": "dev"
            },
            "timeouts": null
          },
          "sensitive_attributes": [],
          "private": "eyJlMmJmYjczMC1lY2FhLTExZTYtOGY4OC0zNDM2M2JjN2M0YzAiOnsiY3JlYXRlIjoxODAwMDAwMDAwMDAwLCJkZWxldGUiOjE4MDAwMDAwMDAwMDAsInJlYWQiOjMwMDAwMDAwMDAwMCwidXBkYXRlIjoxODAwMDAwMDAwMDAwfX0=",
          "dependencies": [
            "azurerm_resource_group.rg"
          ]
        }
      ]
    }
  ],
  "check_results": null
}
